Microsoft Visual Studio Solution File, Format Version 12.00
# Visual Studio 15
VisualStudioVersion = 15.0.28307.106
MinimumVisualStudioVersion = 10.0.40219.1
Project("{9A19103F-16F7-4668-BE54-9A1E7A4F7556}") = "TrainingFTOptix_Padova_04_07_2024", "TrainingFTOptix_Padova_04_07_2024.csproj", "{2233DF1F-FCE8-03AF-60A2-B66EC449FDC4}"
EndProject
Global
    GlobalSection(SolutionConfigurationPlatforms) = preSolution
        Debug|Any CPU = Debug|Any CPU
        Release|Any CPU = Release|Any CPU
    EndGlobalSection
    GlobalSection(ProjectConfigurationPlatforms) = postSolution
        {2233DF1F-FCE8-03AF-60A2-B66EC449FDC4}.Debug|Any CPU.ActiveCfg = Debug|Any CPU
        {2233DF1F-FCE8-03AF-60A2-B66EC449FDC4}.Debug|Any CPU.Build.0 = Debug|Any CPU
        {2233DF1F-FCE8-03AF-60A2-B66EC449FDC4}.Release|Any CPU.ActiveCfg = Release|Any CPU
        {2233DF1F-FCE8-03AF-60A2-B66EC449FDC4}.Release|Any CPU.Build.0 = Release|Any CPU
    EndGlobalSection
    GlobalSection(SolutionProperties) = preSolution
        HideSolutionNode = FALSE
    EndGlobalSection
EndGlobal
